# This file is automatically @generated by Cargo.
# It is not intended for manual editing.
[[package]]
name = "exst_base_cmd"
version = "0.1.0"

[[package]]
name = "exst_core"
version = "0.1.0"

[[package]]
name = "exst_repl"
version = "0.1.0"

[[package]]
name = "ftdi_thin_wrapper"
version = "0.1.0"

